{
  "name": "faf-python-sdk-kernel-oracle",
  "lockfileVersion": 3,
  "requires": true,
  "packages": {
    "": {
      "name": "faf-python-sdk-kernel-oracle",
      "license": "MIT",
      "dependencies": {
        "faf-scoring-kernel": "3.0.0"
      }
    },
    "node_modules/faf-scoring-kernel": {
      "version": "3.0.0",
      "resolved": "https://registry.npmjs.org/faf-scoring-kernel/-/faf-scoring-kernel-3.0.0.tgz",
      "integrity": "sha512-f9k0APO7cAY6SBtek32uhb9NvYHEDbgGyPZbeQ5l3qly5gRxRTIFrU6anI0H5b8K43/FEEuerInre4vZqMQLMA==",
      "license": "MIT",
      "engines": {
        "node": ">=16.0.0"
      }
    }
  }
}
